
Microsoft Visual Studio Solution File, Format Version 12.00
# Visual Studio 14
VisualStudioVersion = 14.0.23107.0
MinimumVisualStudioVersion = 10.0.40219.1
Project("{FAE04EC0-301F-11D3-BF4B-00C04F79EFBC}") = "Runtime", "Runtime\Runtime.csproj", "{4BE92F98-4415-4118-9A57-E1E2B3CBB1A5}"
EndProject
Project("{2150E333-8FDC-42A3-9474-1A3956D46DE8}") = "Benchmarks", "Benchmarks", "{D7FF6925-F52F-4354-8BBC-C417B4C0F768}"
EndProject
Project("{FAE04EC0-301F-11D3-BF4B-00C04F79EFBC}") = "ThreadRing", "Benchmarks\ThreadRing\ThreadRing.csproj", "{4AB4DCFF-5805-40C0-AE9C-93605FCBE299}"
EndProject
Project("{FAE04EC0-301F-11D3-BF4B-00C04F79EFBC}") = "ChameneoRedux", "ChameneoRedux\ChameneoRedux.csproj", "{462E9E6D-15AC-48BE-A23C-4C3EB8A29F6C}"
EndProject
Global
	GlobalSection(Performance) = preSolution
		HasPerformanceSessions = true
	EndGlobalSection
	GlobalSection(SolutionConfigurationPlatforms) = preSolution
		Debug|Any CPU = Debug|Any CPU
		Release|Any CPU = Release|Any CPU
	EndGlobalSection
	GlobalSection(ProjectConfigurationPlatforms) = postSolution
		{4BE92F98-4415-4118-9A57-E1E2B3CBB1A5}.Debug|Any CPU.ActiveCfg = Debug|Any CPU
		{4BE92F98-4415-4118-9A57-E1E2B3CBB1A5}.Debug|Any CPU.Build.0 = Debug|Any CPU
		{4BE92F98-4415-4118-9A57-E1E2B3CBB1A5}.Release|Any CPU.ActiveCfg = Release|Any CPU
		{4BE92F98-4415-4118-9A57-E1E2B3CBB1A5}.Release|Any CPU.Build.0 = Release|Any CPU
		{4AB4DCFF-5805-40C0-AE9C-93605FCBE299}.Debug|Any CPU.ActiveCfg = Debug|Any CPU
		{4AB4DCFF-5805-40C0-AE9C-93605FCBE299}.Debug|Any CPU.Build.0 = Debug|Any CPU
		{4AB4DCFF-5805-40C0-AE9C-93605FCBE299}.Release|Any CPU.ActiveCfg = Release|Any CPU
		{4AB4DCFF-5805-40C0-AE9C-93605FCBE299}.Release|Any CPU.Build.0 = Release|Any CPU
		{462E9E6D-15AC-48BE-A23C-4C3EB8A29F6C}.Debug|Any CPU.ActiveCfg = Debug|Any CPU
		{462E9E6D-15AC-48BE-A23C-4C3EB8A29F6C}.Debug|Any CPU.Build.0 = Debug|Any CPU
		{462E9E6D-15AC-48BE-A23C-4C3EB8A29F6C}.Release|Any CPU.ActiveCfg = Release|Any CPU
		{462E9E6D-15AC-48BE-A23C-4C3EB8A29F6C}.Release|Any CPU.Build.0 = Release|Any CPU
	EndGlobalSection
	GlobalSection(SolutionProperties) = preSolution
		HideSolutionNode = FALSE
	EndGlobalSection
	GlobalSection(NestedProjects) = preSolution
		{4AB4DCFF-5805-40C0-AE9C-93605FCBE299} = {D7FF6925-F52F-4354-8BBC-C417B4C0F768}
		{462E9E6D-15AC-48BE-A23C-4C3EB8A29F6C} = {D7FF6925-F52F-4354-8BBC-C417B4C0F768}
	EndGlobalSection
EndGlobal
