
Microsoft Visual Studio Solution File, Format Version 12.00
# Visual Studio 14
VisualStudioVersion = 14.0.25123.0
MinimumVisualStudioVersion = 10.0.40219.1
Project("{2150E333-8FDC-42A3-9474-1A3956D46DE8}") = ".nuget", ".nuget", "{DFA48E27-7D53-4955-A722-3D91A7119BE7}"
	ProjectSection(SolutionItems) = preProject
		.nuget\NuGet.Config = .nuget\NuGet.Config
		.nuget\NuGet.exe = .nuget\NuGet.exe
		.nuget\NuGet.targets = .nuget\NuGet.targets
	EndProjectSection
EndProject
Project("{FAE04EC0-301F-11D3-BF4B-00C04F79EFBC}") = "Excess.Compiler", "Excess.Compiler\Excess.Compiler.csproj", "{FEACFBCC-4BFE-4C14-B40F-3DC856A85FD4}"
EndProject
Project("{FAE04EC0-301F-11D3-BF4B-00C04F79EFBC}") = "Excess.Compiler.GraphInstances", "Excess.Compiler\Excess.Compiler.GraphInstances\Excess.Compiler.GraphInstances.csproj", "{2A67DB89-5014-40D7-A346-BFC6868EE432}"
EndProject
Project("{FAE04EC0-301F-11D3-BF4B-00C04F79EFBC}") = "Excess.Compiler.Mock", "Excess.Compiler\Excess.Compiler.Mock\Excess.Compiler.Mock.csproj", "{5BDD0791-9973-41A2-BE2E-A2CAA9F5A4CB}"
EndProject
Project("{FAE04EC0-301F-11D3-BF4B-00C04F79EFBC}") = "xsc", "Excess.Compiler\xsc\xsc.csproj", "{82F89659-98C0-48FA-95B5-EC380C5C21A1}"
EndProject
Project("{FAE04EC0-301F-11D3-BF4B-00C04F79EFBC}") = "xslang", "Excess.Compiler\xslang\xslang.csproj", "{ADE4E1F7-1EF1-4C8A-9FBE-63C497EC522B}"
EndProject
Project("{FAE04EC0-301F-11D3-BF4B-00C04F79EFBC}") = "Excess.Compiler.Razor", "Excess.Compiler\Excess.Compiler.Razor\Excess.Compiler.Razor.csproj", "{FF771A02-CF66-4F21-9E04-A87CEBCD7952}"
EndProject
Project("{2150E333-8FDC-42A3-9474-1A3956D46DE8}") = "compiler", "compiler", "{326E8BD0-E401-45E7-A18F-0456886D973D}"
EndProject
Project("{2150E333-8FDC-42A3-9474-1A3956D46DE8}") = "concurrent", "concurrent", "{942B863D-8E4E-45AC-8CDA-6C5882A8DE69}"
EndProject
Project("{FAE04EC0-301F-11D3-BF4B-00C04F79EFBC}") = "Compiler", "Excess.Concurrent\Compiler\Compiler.csproj", "{99F869F8-7BD4-476A-98CA-27C63E89DA93}"
EndProject
Project("{FAE04EC0-301F-11D3-BF4B-00C04F79EFBC}") = "Runtime", "Excess.Concurrent\Runtime\Runtime.csproj", "{4BE92F98-4415-4118-9A57-E1E2B3CBB1A5}"
EndProject
Project("{2150E333-8FDC-42A3-9474-1A3956D46DE8}") = "server", "server", "{96EA691C-8461-45EA-9CA2-C91D782C0478}"
EndProject
Project("{FAE04EC0-301F-11D3-BF4B-00C04F79EFBC}") = "Compiler", "Excess.Server\Compiler\Compiler.csproj", "{0B09CEFB-454E-42D0-8F2B-E7353BF52D98}"
EndProject
Project("{FAE04EC0-301F-11D3-BF4B-00C04F79EFBC}") = "Middleware", "Excess.Server\Middleware\Middleware.csproj", "{ED3D63D8-7C35-4F77-8430-7BC6BBFE56B9}"
EndProject
Project("{FAE04EC0-301F-11D3-BF4B-00C04F79EFBC}") = "xss", "Excess.Server\xss\xss.csproj", "{8F97EF8D-0F91-445A-B3FC-F4C438FFBC17}"
EndProject
Project("{2150E333-8FDC-42A3-9474-1A3956D46DE8}") = "extensions", "extensions", "{C3978199-1535-4333-B2F3-232E811E0ABB}"
EndProject
Project("{FAE04EC0-301F-11D3-BF4B-00C04F79EFBC}") = "Contract", "Excess.Extensions\Contract\Contract.csproj", "{E5973969-F8B0-4F7D-95B1-4D1513A4E251}"
EndProject
Project("{FAE04EC0-301F-11D3-BF4B-00C04F79EFBC}") = "Json", "Excess.Extensions\Json\Json.csproj", "{ADA5A2BF-FE96-456B-BB1B-7A09222E7A9C}"
EndProject
Project("{FAE04EC0-301F-11D3-BF4B-00C04F79EFBC}") = "Model", "Excess.Extensions\Model\Model.csproj", "{DF3B867B-A862-4D03-AF7E-418E459DA110}"
EndProject
Project("{FAE04EC0-301F-11D3-BF4B-00C04F79EFBC}") = "NInjector", "Excess.Extensions\NInjector\NInjector.csproj", "{D161F91C-5D87-4356-9DCB-8B62A754F787}"
EndProject
Project("{FAE04EC0-301F-11D3-BF4B-00C04F79EFBC}") = "R", "Excess.Extensions\R\R.csproj", "{5A14C7BA-9E0B-471D-B9D4-FE08073A9F00}"
EndProject
Project("{FAE04EC0-301F-11D3-BF4B-00C04F79EFBC}") = "Settings", "Excess.Extensions\Settings\Settings.csproj", "{CBD2EE26-E7BD-4E64-A872-DCD9E5109DBA}"
EndProject
Project("{FAE04EC0-301F-11D3-BF4B-00C04F79EFBC}") = "SQL.Dapper", "Excess.Extensions\SQL.Dapper\SQL.Dapper.csproj", "{271C866F-DE7D-457C-91C5-F7CD878DAB27}"
EndProject
Project("{2150E333-8FDC-42A3-9474-1A3956D46DE8}") = "visualstudio", "visualstudio", "{DAAFF147-84D5-4A81-916C-23934D2FF9B7}"
EndProject
Project("{FAE04EC0-301F-11D3-BF4B-00C04F79EFBC}") = "Excess.VS", "Excess.VisualStudio\Excess.VS\Excess.VS.csproj", "{F30A7D8C-4B51-4967-99E8-2092E5AD3618}"
EndProject
Project("{2150E333-8FDC-42A3-9474-1A3956D46DE8}") = "runtime", "runtime", "{5352926D-CD3F-4F3F-A195-6A9A8EDA2603}"
EndProject
Project("{FAE04EC0-301F-11D3-BF4B-00C04F79EFBC}") = "Excess.Runtime", "Excess.Runtime\Excess.Runtime.csproj", "{62F3B315-2B69-4A4B-A40D-93190F6773D7}"
EndProject
Global
	GlobalSection(SolutionConfigurationPlatforms) = preSolution
		Debug|Any CPU = Debug|Any CPU
		Release|Any CPU = Release|Any CPU
	EndGlobalSection
	GlobalSection(ProjectConfigurationPlatforms) = postSolution
		{FEACFBCC-4BFE-4C14-B40F-3DC856A85FD4}.Debug|Any CPU.ActiveCfg = Debug|Any CPU
		{FEACFBCC-4BFE-4C14-B40F-3DC856A85FD4}.Debug|Any CPU.Build.0 = Debug|Any CPU
		{FEACFBCC-4BFE-4C14-B40F-3DC856A85FD4}.Release|Any CPU.ActiveCfg = Release|Any CPU
		{FEACFBCC-4BFE-4C14-B40F-3DC856A85FD4}.Release|Any CPU.Build.0 = Release|Any CPU
		{2A67DB89-5014-40D7-A346-BFC6868EE432}.Debug|Any CPU.ActiveCfg = Debug|Any CPU
		{2A67DB89-5014-40D7-A346-BFC6868EE432}.Debug|Any CPU.Build.0 = Debug|Any CPU
		{2A67DB89-5014-40D7-A346-BFC6868EE432}.Release|Any CPU.ActiveCfg = Release|Any CPU
		{2A67DB89-5014-40D7-A346-BFC6868EE432}.Release|Any CPU.Build.0 = Release|Any CPU
		{5BDD0791-9973-41A2-BE2E-A2CAA9F5A4CB}.Debug|Any CPU.ActiveCfg = Debug|Any CPU
		{5BDD0791-9973-41A2-BE2E-A2CAA9F5A4CB}.Debug|Any CPU.Build.0 = Debug|Any CPU
		{5BDD0791-9973-41A2-BE2E-A2CAA9F5A4CB}.Release|Any CPU.ActiveCfg = Release|Any CPU
		{5BDD0791-9973-41A2-BE2E-A2CAA9F5A4CB}.Release|Any CPU.Build.0 = Release|Any CPU
		{82F89659-98C0-48FA-95B5-EC380C5C21A1}.Debug|Any CPU.ActiveCfg = Debug|Any CPU
		{82F89659-98C0-48FA-95B5-EC380C5C21A1}.Debug|Any CPU.Build.0 = Debug|Any CPU
		{82F89659-98C0-48FA-95B5-EC380C5C21A1}.Release|Any CPU.ActiveCfg = Release|Any CPU
		{82F89659-98C0-48FA-95B5-EC380C5C21A1}.Release|Any CPU.Build.0 = Release|Any CPU
		{ADE4E1F7-1EF1-4C8A-9FBE-63C497EC522B}.Debug|Any CPU.ActiveCfg = Debug|Any CPU
		{ADE4E1F7-1EF1-4C8A-9FBE-63C497EC522B}.Debug|Any CPU.Build.0 = Debug|Any CPU
		{ADE4E1F7-1EF1-4C8A-9FBE-63C497EC522B}.Release|Any CPU.ActiveCfg = Release|Any CPU
		{ADE4E1F7-1EF1-4C8A-9FBE-63C497EC522B}.Release|Any CPU.Build.0 = Release|Any CPU
		{FF771A02-CF66-4F21-9E04-A87CEBCD7952}.Debug|Any CPU.ActiveCfg = Debug|Any CPU
		{FF771A02-CF66-4F21-9E04-A87CEBCD7952}.Debug|Any CPU.Build.0 = Debug|Any CPU
		{FF771A02-CF66-4F21-9E04-A87CEBCD7952}.Release|Any CPU.ActiveCfg = Release|Any CPU
		{FF771A02-CF66-4F21-9E04-A87CEBCD7952}.Release|Any CPU.Build.0 = Release|Any CPU
		{99F869F8-7BD4-476A-98CA-27C63E89DA93}.Debug|Any CPU.ActiveCfg = Debug|Any CPU
		{99F869F8-7BD4-476A-98CA-27C63E89DA93}.Debug|Any CPU.Build.0 = Debug|Any CPU
		{99F869F8-7BD4-476A-98CA-27C63E89DA93}.Release|Any CPU.ActiveCfg = Release|Any CPU
		{99F869F8-7BD4-476A-98CA-27C63E89DA93}.Release|Any CPU.Build.0 = Release|Any CPU
		{4BE92F98-4415-4118-9A57-E1E2B3CBB1A5}.Debug|Any CPU.ActiveCfg = Debug|Any CPU
		{4BE92F98-4415-4118-9A57-E1E2B3CBB1A5}.Debug|Any CPU.Build.0 = Debug|Any CPU
		{4BE92F98-4415-4118-9A57-E1E2B3CBB1A5}.Release|Any CPU.ActiveCfg = Release|Any CPU
		{4BE92F98-4415-4118-9A57-E1E2B3CBB1A5}.Release|Any CPU.Build.0 = Release|Any CPU
		{0B09CEFB-454E-42D0-8F2B-E7353BF52D98}.Debug|Any CPU.ActiveCfg = Debug|Any CPU
		{0B09CEFB-454E-42D0-8F2B-E7353BF52D98}.Debug|Any CPU.Build.0 = Debug|Any CPU
		{0B09CEFB-454E-42D0-8F2B-E7353BF52D98}.Release|Any CPU.ActiveCfg = Release|Any CPU
		{0B09CEFB-454E-42D0-8F2B-E7353BF52D98}.Release|Any CPU.Build.0 = Release|Any CPU
		{ED3D63D8-7C35-4F77-8430-7BC6BBFE56B9}.Debug|Any CPU.ActiveCfg = Debug|Any CPU
		{ED3D63D8-7C35-4F77-8430-7BC6BBFE56B9}.Debug|Any CPU.Build.0 = Debug|Any CPU
		{ED3D63D8-7C35-4F77-8430-7BC6BBFE56B9}.Release|Any CPU.ActiveCfg = Release|Any CPU
		{ED3D63D8-7C35-4F77-8430-7BC6BBFE56B9}.Release|Any CPU.Build.0 = Release|Any CPU
		{8F97EF8D-0F91-445A-B3FC-F4C438FFBC17}.Debug|Any CPU.ActiveCfg = Debug|Any CPU
		{8F97EF8D-0F91-445A-B3FC-F4C438FFBC17}.Debug|Any CPU.Build.0 = Debug|Any CPU
		{8F97EF8D-0F91-445A-B3FC-F4C438FFBC17}.Release|Any CPU.ActiveCfg = Release|Any CPU
		{8F97EF8D-0F91-445A-B3FC-F4C438FFBC17}.Release|Any CPU.Build.0 = Release|Any CPU
		{E5973969-F8B0-4F7D-95B1-4D1513A4E251}.Debug|Any CPU.ActiveCfg = Debug|Any CPU
		{E5973969-F8B0-4F7D-95B1-4D1513A4E251}.Debug|Any CPU.Build.0 = Debug|Any CPU
		{E5973969-F8B0-4F7D-95B1-4D1513A4E251}.Release|Any CPU.ActiveCfg = Release|Any CPU
		{E5973969-F8B0-4F7D-95B1-4D1513A4E251}.Release|Any CPU.Build.0 = Release|Any CPU
		{ADA5A2BF-FE96-456B-BB1B-7A09222E7A9C}.Debug|Any CPU.ActiveCfg = Debug|Any CPU
		{ADA5A2BF-FE96-456B-BB1B-7A09222E7A9C}.Debug|Any CPU.Build.0 = Debug|Any CPU
		{ADA5A2BF-FE96-456B-BB1B-7A09222E7A9C}.Release|Any CPU.ActiveCfg = Release|Any CPU
		{ADA5A2BF-FE96-456B-BB1B-7A09222E7A9C}.Release|Any CPU.Build.0 = Release|Any CPU
		{DF3B867B-A862-4D03-AF7E-418E459DA110}.Debug|Any CPU.ActiveCfg = Debug|Any CPU
		{DF3B867B-A862-4D03-AF7E-418E459DA110}.Debug|Any CPU.Build.0 = Debug|Any CPU
		{DF3B867B-A862-4D03-AF7E-418E459DA110}.Release|Any CPU.ActiveCfg = Release|Any CPU
		{DF3B867B-A862-4D03-AF7E-418E459DA110}.Release|Any CPU.Build.0 = Release|Any CPU
		{D161F91C-5D87-4356-9DCB-8B62A754F787}.Debug|Any CPU.ActiveCfg = Debug|Any CPU
		{D161F91C-5D87-4356-9DCB-8B62A754F787}.Debug|Any CPU.Build.0 = Debug|Any CPU
		{D161F91C-5D87-4356-9DCB-8B62A754F787}.Release|Any CPU.ActiveCfg = Release|Any CPU
		{D161F91C-5D87-4356-9DCB-8B62A754F787}.Release|Any CPU.Build.0 = Release|Any CPU
		{5A14C7BA-9E0B-471D-B9D4-FE08073A9F00}.Debug|Any CPU.ActiveCfg = Debug|Any CPU
		{5A14C7BA-9E0B-471D-B9D4-FE08073A9F00}.Debug|Any CPU.Build.0 = Debug|Any CPU
		{5A14C7BA-9E0B-471D-B9D4-FE08073A9F00}.Release|Any CPU.ActiveCfg = Release|Any CPU
		{5A14C7BA-9E0B-471D-B9D4-FE08073A9F00}.Release|Any CPU.Build.0 = Release|Any CPU
		{CBD2EE26-E7BD-4E64-A872-DCD9E5109DBA}.Debug|Any CPU.ActiveCfg = Debug|Any CPU
		{CBD2EE26-E7BD-4E64-A872-DCD9E5109DBA}.Debug|Any CPU.Build.0 = Debug|Any CPU
		{CBD2EE26-E7BD-4E64-A872-DCD9E5109DBA}.Release|Any CPU.ActiveCfg = Release|Any CPU
		{CBD2EE26-E7BD-4E64-A872-DCD9E5109DBA}.Release|Any CPU.Build.0 = Release|Any CPU
		{271C866F-DE7D-457C-91C5-F7CD878DAB27}.Debug|Any CPU.ActiveCfg = Debug|Any CPU
		{271C866F-DE7D-457C-91C5-F7CD878DAB27}.Debug|Any CPU.Build.0 = Debug|Any CPU
		{271C866F-DE7D-457C-91C5-F7CD878DAB27}.Release|Any CPU.ActiveCfg = Release|Any CPU
		{271C866F-DE7D-457C-91C5-F7CD878DAB27}.Release|Any CPU.Build.0 = Release|Any CPU
		{F30A7D8C-4B51-4967-99E8-2092E5AD3618}.Debug|Any CPU.ActiveCfg = Debug|Any CPU
		{F30A7D8C-4B51-4967-99E8-2092E5AD3618}.Debug|Any CPU.Build.0 = Debug|Any CPU
		{F30A7D8C-4B51-4967-99E8-2092E5AD3618}.Release|Any CPU.ActiveCfg = Release|Any CPU
		{F30A7D8C-4B51-4967-99E8-2092E5AD3618}.Release|Any CPU.Build.0 = Release|Any CPU
		{62F3B315-2B69-4A4B-A40D-93190F6773D7}.Debug|Any CPU.ActiveCfg = Debug|Any CPU
		{62F3B315-2B69-4A4B-A40D-93190F6773D7}.Debug|Any CPU.Build.0 = Debug|Any CPU
		{62F3B315-2B69-4A4B-A40D-93190F6773D7}.Release|Any CPU.ActiveCfg = Release|Any CPU
		{62F3B315-2B69-4A4B-A40D-93190F6773D7}.Release|Any CPU.Build.0 = Release|Any CPU
	EndGlobalSection
	GlobalSection(SolutionProperties) = preSolution
		HideSolutionNode = FALSE
	EndGlobalSection
	GlobalSection(NestedProjects) = preSolution
		{FEACFBCC-4BFE-4C14-B40F-3DC856A85FD4} = {326E8BD0-E401-45E7-A18F-0456886D973D}
		{2A67DB89-5014-40D7-A346-BFC6868EE432} = {326E8BD0-E401-45E7-A18F-0456886D973D}
		{5BDD0791-9973-41A2-BE2E-A2CAA9F5A4CB} = {326E8BD0-E401-45E7-A18F-0456886D973D}
		{82F89659-98C0-48FA-95B5-EC380C5C21A1} = {326E8BD0-E401-45E7-A18F-0456886D973D}
		{ADE4E1F7-1EF1-4C8A-9FBE-63C497EC522B} = {326E8BD0-E401-45E7-A18F-0456886D973D}
		{FF771A02-CF66-4F21-9E04-A87CEBCD7952} = {326E8BD0-E401-45E7-A18F-0456886D973D}
		{99F869F8-7BD4-476A-98CA-27C63E89DA93} = {942B863D-8E4E-45AC-8CDA-6C5882A8DE69}
		{4BE92F98-4415-4118-9A57-E1E2B3CBB1A5} = {942B863D-8E4E-45AC-8CDA-6C5882A8DE69}
		{0B09CEFB-454E-42D0-8F2B-E7353BF52D98} = {96EA691C-8461-45EA-9CA2-C91D782C0478}
		{ED3D63D8-7C35-4F77-8430-7BC6BBFE56B9} = {96EA691C-8461-45EA-9CA2-C91D782C0478}
		{8F97EF8D-0F91-445A-B3FC-F4C438FFBC17} = {96EA691C-8461-45EA-9CA2-C91D782C0478}
		{E5973969-F8B0-4F7D-95B1-4D1513A4E251} = {C3978199-1535-4333-B2F3-232E811E0ABB}
		{ADA5A2BF-FE96-456B-BB1B-7A09222E7A9C} = {C3978199-1535-4333-B2F3-232E811E0ABB}
		{DF3B867B-A862-4D03-AF7E-418E459DA110} = {C3978199-1535-4333-B2F3-232E811E0ABB}
		{D161F91C-5D87-4356-9DCB-8B62A754F787} = {C3978199-1535-4333-B2F3-232E811E0ABB}
		{5A14C7BA-9E0B-471D-B9D4-FE08073A9F00} = {C3978199-1535-4333-B2F3-232E811E0ABB}
		{CBD2EE26-E7BD-4E64-A872-DCD9E5109DBA} = {C3978199-1535-4333-B2F3-232E811E0ABB}
		{271C866F-DE7D-457C-91C5-F7CD878DAB27} = {C3978199-1535-4333-B2F3-232E811E0ABB}
		{F30A7D8C-4B51-4967-99E8-2092E5AD3618} = {DAAFF147-84D5-4A81-916C-23934D2FF9B7}
		{62F3B315-2B69-4A4B-A40D-93190F6773D7} = {5352926D-CD3F-4F3F-A195-6A9A8EDA2603}
	EndGlobalSection
EndGlobal
