
Microsoft Visual Studio Solution File, Format Version 12.00
# Visual Studio 14
VisualStudioVersion = 14.0.25123.0
MinimumVisualStudioVersion = 10.0.40219.1
Project("{FAE04EC0-301F-11D3-BF4B-00C04F79EFBC}") = "Excess.Compiler", "Excess.Compiler\Excess.Compiler.csproj", "{FEACFBCC-4BFE-4C14-B40F-3DC856A85FD4}"
EndProject
Project("{FAE04EC0-301F-11D3-BF4B-00C04F79EFBC}") = "Excess.Compiler.Razor", "Excess.Compiler.Razor\Excess.Compiler.Razor.csproj", "{FF771A02-CF66-4F21-9E04-A87CEBCD7952}"
EndProject
Project("{FAE04EC0-301F-11D3-BF4B-00C04F79EFBC}") = "xsc", "Excess.Compiler\xsc\xsc.csproj", "{82F89659-98C0-48FA-95B5-EC380C5C21A1}"
EndProject
Project("{2150E333-8FDC-42A3-9474-1A3956D46DE8}") = "Nuget", "Nuget", "{50B788E2-1EBB-440E-8AC3-7AB918711625}"
	ProjectSection(SolutionItems) = preProject
		Excess.Compiler\Nuget\Excess.Compiler.Debug.nuspec = Excess.Compiler\Nuget\Excess.Compiler.Debug.nuspec
		Excess.Compiler\Nuget\Excess.Compiler.nuspec = Excess.Compiler\Nuget\Excess.Compiler.nuspec
		Excess.Compiler\Nuget\publish.bat = Excess.Compiler\Nuget\publish.bat
	EndProjectSection
EndProject
Project("{FAE04EC0-301F-11D3-BF4B-00C04F79EFBC}") = "Tests", "Excess.Compiler\Tests\Tests.csproj", "{A968AB3B-1EC6-4577-B095-599D69A88468}"
EndProject
Global
	GlobalSection(SolutionConfigurationPlatforms) = preSolution
		Debug|Any CPU = Debug|Any CPU
		Release|Any CPU = Release|Any CPU
	EndGlobalSection
	GlobalSection(ProjectConfigurationPlatforms) = postSolution
		{FEACFBCC-4BFE-4C14-B40F-3DC856A85FD4}.Debug|Any CPU.ActiveCfg = Debug|Any CPU
		{FEACFBCC-4BFE-4C14-B40F-3DC856A85FD4}.Debug|Any CPU.Build.0 = Debug|Any CPU
		{FEACFBCC-4BFE-4C14-B40F-3DC856A85FD4}.Release|Any CPU.ActiveCfg = Release|Any CPU
		{FEACFBCC-4BFE-4C14-B40F-3DC856A85FD4}.Release|Any CPU.Build.0 = Release|Any CPU
		{FF771A02-CF66-4F21-9E04-A87CEBCD7952}.Debug|Any CPU.ActiveCfg = Debug|Any CPU
		{FF771A02-CF66-4F21-9E04-A87CEBCD7952}.Debug|Any CPU.Build.0 = Debug|Any CPU
		{FF771A02-CF66-4F21-9E04-A87CEBCD7952}.Release|Any CPU.ActiveCfg = Release|Any CPU
		{FF771A02-CF66-4F21-9E04-A87CEBCD7952}.Release|Any CPU.Build.0 = Release|Any CPU
		{82F89659-98C0-48FA-95B5-EC380C5C21A1}.Debug|Any CPU.ActiveCfg = Debug|Any CPU
		{82F89659-98C0-48FA-95B5-EC380C5C21A1}.Debug|Any CPU.Build.0 = Debug|Any CPU
		{82F89659-98C0-48FA-95B5-EC380C5C21A1}.Release|Any CPU.ActiveCfg = Release|Any CPU
		{82F89659-98C0-48FA-95B5-EC380C5C21A1}.Release|Any CPU.Build.0 = Release|Any CPU
		{A968AB3B-1EC6-4577-B095-599D69A88468}.Debug|Any CPU.ActiveCfg = Debug|Any CPU
		{A968AB3B-1EC6-4577-B095-599D69A88468}.Debug|Any CPU.Build.0 = Debug|Any CPU
		{A968AB3B-1EC6-4577-B095-599D69A88468}.Release|Any CPU.ActiveCfg = Release|Any CPU
		{A968AB3B-1EC6-4577-B095-599D69A88468}.Release|Any CPU.Build.0 = Release|Any CPU
	EndGlobalSection
	GlobalSection(SolutionProperties) = preSolution
		HideSolutionNode = FALSE
	EndGlobalSection
EndGlobal
