
Microsoft Visual Studio Solution File, Format Version 12.00
# Visual Studio 15
VisualStudioVersion = 15.0.26403.3
MinimumVisualStudioVersion = 10.0.40219.1
Project("{FAE04EC0-301F-11D3-BF4B-00C04F79EFBC}") = "Excess.Compiler", "Excess.Compiler\Excess.Compiler.csproj", "{FEACFBCC-4BFE-4C14-B40F-3DC856A85FD4}"
EndProject
Project("{2150E333-8FDC-42A3-9474-1A3956D46DE8}") = "Nuget", "Nuget", "{50B788E2-1EBB-440E-8AC3-7AB918711625}"
	ProjectSection(SolutionItems) = preProject
		Excess.Compiler\Nuget\Excess.Compiler.Debug.nuspec = Excess.Compiler\Nuget\Excess.Compiler.Debug.nuspec
		Excess.Compiler\Nuget\Excess.Compiler.nuspec = Excess.Compiler\Nuget\Excess.Compiler.nuspec
		Excess.Compiler\Nuget\Excess.Runtime.Debug.nuspec = Excess.Compiler\Nuget\Excess.Runtime.Debug.nuspec
		Excess.Compiler\Nuget\Excess.Runtime.nuspec = Excess.Compiler\Nuget\Excess.Runtime.nuspec
		Excess.Compiler\Nuget\publish.bat = Excess.Compiler\Nuget\publish.bat
	EndProjectSection
EndProject
Project("{FAE04EC0-301F-11D3-BF4B-00C04F79EFBC}") = "Tests", "Excess.Compiler\Tests\Tests.csproj", "{A968AB3B-1EC6-4577-B095-599D69A88468}"
EndProject
Project("{FAE04EC0-301F-11D3-BF4B-00C04F79EFBC}") = "xslang", "Excess.Compiler\xslang\xslang.csproj", "{ADE4E1F7-1EF1-4C8A-9FBE-63C497EC522B}"
EndProject
Project("{FAE04EC0-301F-11D3-BF4B-00C04F79EFBC}") = "Excess.Runtime", "Excess.Runtime\Excess.Runtime.csproj", "{62F3B315-2B69-4A4B-A40D-93190F6773D7}"
EndProject
Project("{FAE04EC0-301F-11D3-BF4B-00C04F79EFBC}") = "Excess.Compiler.Mock", "Excess.Compiler\Excess.Compiler.Mock\Excess.Compiler.Mock.csproj", "{5BDD0791-9973-41A2-BE2E-A2CAA9F5A4CB}"
EndProject
Project("{FAE04EC0-301F-11D3-BF4B-00C04F79EFBC}") = "Excess.Compiler.GraphInstances", "Excess.Compiler\Excess.Compiler.GraphInstances\Excess.Compiler.GraphInstances.csproj", "{2A67DB89-5014-40D7-A346-BFC6868EE432}"
EndProject
Project("{FAE04EC0-301F-11D3-BF4B-00C04F79EFBC}") = "Excess.Compiler.Antlr4", "Excess.Compiler\Excess.Compiler.Antlr4\Excess.Compiler.Antlr4.csproj", "{7B8B87F5-58FC-4168-B926-8C9DDE2AD106}"
EndProject
Global
	GlobalSection(SolutionConfigurationPlatforms) = preSolution
		Debug|Any CPU = Debug|Any CPU
		Release|Any CPU = Release|Any CPU
	EndGlobalSection
	GlobalSection(ProjectConfigurationPlatforms) = postSolution
		{FEACFBCC-4BFE-4C14-B40F-3DC856A85FD4}.Debug|Any CPU.ActiveCfg = Debug|Any CPU
		{FEACFBCC-4BFE-4C14-B40F-3DC856A85FD4}.Debug|Any CPU.Build.0 = Debug|Any CPU
		{FEACFBCC-4BFE-4C14-B40F-3DC856A85FD4}.Release|Any CPU.ActiveCfg = Release|Any CPU
		{FEACFBCC-4BFE-4C14-B40F-3DC856A85FD4}.Release|Any CPU.Build.0 = Release|Any CPU
		{A968AB3B-1EC6-4577-B095-599D69A88468}.Debug|Any CPU.ActiveCfg = Debug|Any CPU
		{A968AB3B-1EC6-4577-B095-599D69A88468}.Debug|Any CPU.Build.0 = Debug|Any CPU
		{A968AB3B-1EC6-4577-B095-599D69A88468}.Release|Any CPU.ActiveCfg = Release|Any CPU
		{A968AB3B-1EC6-4577-B095-599D69A88468}.Release|Any CPU.Build.0 = Release|Any CPU
		{ADE4E1F7-1EF1-4C8A-9FBE-63C497EC522B}.Debug|Any CPU.ActiveCfg = Debug|Any CPU
		{ADE4E1F7-1EF1-4C8A-9FBE-63C497EC522B}.Debug|Any CPU.Build.0 = Debug|Any CPU
		{ADE4E1F7-1EF1-4C8A-9FBE-63C497EC522B}.Release|Any CPU.ActiveCfg = Release|Any CPU
		{ADE4E1F7-1EF1-4C8A-9FBE-63C497EC522B}.Release|Any CPU.Build.0 = Release|Any CPU
		{62F3B315-2B69-4A4B-A40D-93190F6773D7}.Debug|Any CPU.ActiveCfg = Debug|Any CPU
		{62F3B315-2B69-4A4B-A40D-93190F6773D7}.Debug|Any CPU.Build.0 = Debug|Any CPU
		{62F3B315-2B69-4A4B-A40D-93190F6773D7}.Release|Any CPU.ActiveCfg = Release|Any CPU
		{62F3B315-2B69-4A4B-A40D-93190F6773D7}.Release|Any CPU.Build.0 = Release|Any CPU
		{5BDD0791-9973-41A2-BE2E-A2CAA9F5A4CB}.Debug|Any CPU.ActiveCfg = Debug|Any CPU
		{5BDD0791-9973-41A2-BE2E-A2CAA9F5A4CB}.Debug|Any CPU.Build.0 = Debug|Any CPU
		{5BDD0791-9973-41A2-BE2E-A2CAA9F5A4CB}.Release|Any CPU.ActiveCfg = Release|Any CPU
		{5BDD0791-9973-41A2-BE2E-A2CAA9F5A4CB}.Release|Any CPU.Build.0 = Release|Any CPU
		{2A67DB89-5014-40D7-A346-BFC6868EE432}.Debug|Any CPU.ActiveCfg = Debug|Any CPU
		{2A67DB89-5014-40D7-A346-BFC6868EE432}.Debug|Any CPU.Build.0 = Debug|Any CPU
		{2A67DB89-5014-40D7-A346-BFC6868EE432}.Release|Any CPU.ActiveCfg = Release|Any CPU
		{2A67DB89-5014-40D7-A346-BFC6868EE432}.Release|Any CPU.Build.0 = Release|Any CPU
		{7B8B87F5-58FC-4168-B926-8C9DDE2AD106}.Debug|Any CPU.ActiveCfg = Debug|Any CPU
		{7B8B87F5-58FC-4168-B926-8C9DDE2AD106}.Debug|Any CPU.Build.0 = Debug|Any CPU
		{7B8B87F5-58FC-4168-B926-8C9DDE2AD106}.Release|Any CPU.ActiveCfg = Release|Any CPU
		{7B8B87F5-58FC-4168-B926-8C9DDE2AD106}.Release|Any CPU.Build.0 = Release|Any CPU
	EndGlobalSection
	GlobalSection(SolutionProperties) = preSolution
		HideSolutionNode = FALSE
	EndGlobalSection
EndGlobal
