
Microsoft Visual Studio Solution File, Format Version 12.00
# Visual Studio 14
VisualStudioVersion = 14.0.25123.0
MinimumVisualStudioVersion = 10.0.40219.1
Project("{FAE04EC0-301F-11D3-BF4B-00C04F79EFBC}") = "metaprogramming", "metaprogramming\metaprogramming.csproj", "{4BFEF960-D030-4AEA-892D-3FE630CFFC40}"
EndProject
Project("{FAE04EC0-301F-11D3-BF4B-00C04F79EFBC}") = "metaprogramming-asp", "metaprogramming-asp\metaprogramming-asp.csproj", "{3CAB581E-0E21-4AAB-82CF-5CCCFF406D29}"
EndProject
Global
	GlobalSection(SolutionConfigurationPlatforms) = preSolution
		Debug|Any CPU = Debug|Any CPU
		Release|Any CPU = Release|Any CPU
	EndGlobalSection
	GlobalSection(ProjectConfigurationPlatforms) = postSolution
		{4BFEF960-D030-4AEA-892D-3FE630CFFC40}.Debug|Any CPU.ActiveCfg = Debug|Any CPU
		{4BFEF960-D030-4AEA-892D-3FE630CFFC40}.Debug|Any CPU.Build.0 = Debug|Any CPU
		{4BFEF960-D030-4AEA-892D-3FE630CFFC40}.Release|Any CPU.ActiveCfg = Release|Any CPU
		{4BFEF960-D030-4AEA-892D-3FE630CFFC40}.Release|Any CPU.Build.0 = Release|Any CPU
		{3CAB581E-0E21-4AAB-82CF-5CCCFF406D29}.Debug|Any CPU.ActiveCfg = Debug|Any CPU
		{3CAB581E-0E21-4AAB-82CF-5CCCFF406D29}.Debug|Any CPU.Build.0 = Debug|Any CPU
		{3CAB581E-0E21-4AAB-82CF-5CCCFF406D29}.Release|Any CPU.ActiveCfg = Release|Any CPU
		{3CAB581E-0E21-4AAB-82CF-5CCCFF406D29}.Release|Any CPU.Build.0 = Release|Any CPU
	EndGlobalSection
	GlobalSection(SolutionProperties) = preSolution
		HideSolutionNode = FALSE
	EndGlobalSection
EndGlobal
