
Microsoft Visual Studio Solution File, Format Version 12.00
# Visual Studio 14
VisualStudioVersion = 14.0.25123.0
MinimumVisualStudioVersion = 10.0.40219.1
Project("{FAE04EC0-301F-11D3-BF4B-00C04F79EFBC}") = "NInjector", "NInjector\NInjector.csproj", "{D161F91C-5D87-4356-9DCB-8B62A754F787}"
EndProject
Project("{FAE04EC0-301F-11D3-BF4B-00C04F79EFBC}") = "Tests", "Tests\Tests.csproj", "{9B400D11-E33A-46C5-B280-75B26F6E6A9D}"
EndProject
Project("{2150E333-8FDC-42A3-9474-1A3956D46DE8}") = "Nuget", "Nuget", "{0F4D4F5F-CFB6-4C34-898B-E86EEA482588}"
	ProjectSection(SolutionItems) = preProject
		Nuget\Excess.Extensions.Debug.nuspec = Nuget\Excess.Extensions.Debug.nuspec
		Nuget\Excess.Extensions.nuspec = Nuget\Excess.Extensions.nuspec
		Nuget\Excess.NInjector.Debug.nuspec = Nuget\Excess.NInjector.Debug.nuspec
		Nuget\Excess.NInjector.nuspec = Nuget\Excess.NInjector.nuspec
		Nuget\publish.bat = Nuget\publish.bat
	EndProjectSection
EndProject
Project("{FAE04EC0-301F-11D3-BF4B-00C04F79EFBC}") = "Contract", "Contract\Contract.csproj", "{E5973969-F8B0-4F7D-95B1-4D1513A4E251}"
EndProject
Project("{FAE04EC0-301F-11D3-BF4B-00C04F79EFBC}") = "Json", "Json\Json.csproj", "{ADA5A2BF-FE96-456B-BB1B-7A09222E7A9C}"
EndProject
Project("{FAE04EC0-301F-11D3-BF4B-00C04F79EFBC}") = "R", "R\R.csproj", "{5A14C7BA-9E0B-471D-B9D4-FE08073A9F00}"
EndProject
Project("{FAE04EC0-301F-11D3-BF4B-00C04F79EFBC}") = "Model", "Model\Model.csproj", "{DF3B867B-A862-4D03-AF7E-418E459DA110}"
EndProject
Global
	GlobalSection(SolutionConfigurationPlatforms) = preSolution
		Debug|Any CPU = Debug|Any CPU
		Release|Any CPU = Release|Any CPU
	EndGlobalSection
	GlobalSection(ProjectConfigurationPlatforms) = postSolution
		{D161F91C-5D87-4356-9DCB-8B62A754F787}.Debug|Any CPU.ActiveCfg = Debug|Any CPU
		{D161F91C-5D87-4356-9DCB-8B62A754F787}.Debug|Any CPU.Build.0 = Debug|Any CPU
		{D161F91C-5D87-4356-9DCB-8B62A754F787}.Release|Any CPU.ActiveCfg = Release|Any CPU
		{D161F91C-5D87-4356-9DCB-8B62A754F787}.Release|Any CPU.Build.0 = Release|Any CPU
		{9B400D11-E33A-46C5-B280-75B26F6E6A9D}.Debug|Any CPU.ActiveCfg = Debug|Any CPU
		{9B400D11-E33A-46C5-B280-75B26F6E6A9D}.Debug|Any CPU.Build.0 = Debug|Any CPU
		{9B400D11-E33A-46C5-B280-75B26F6E6A9D}.Release|Any CPU.ActiveCfg = Release|Any CPU
		{9B400D11-E33A-46C5-B280-75B26F6E6A9D}.Release|Any CPU.Build.0 = Release|Any CPU
		{E5973969-F8B0-4F7D-95B1-4D1513A4E251}.Debug|Any CPU.ActiveCfg = Debug|Any CPU
		{E5973969-F8B0-4F7D-95B1-4D1513A4E251}.Debug|Any CPU.Build.0 = Debug|Any CPU
		{E5973969-F8B0-4F7D-95B1-4D1513A4E251}.Release|Any CPU.ActiveCfg = Release|Any CPU
		{E5973969-F8B0-4F7D-95B1-4D1513A4E251}.Release|Any CPU.Build.0 = Release|Any CPU
		{ADA5A2BF-FE96-456B-BB1B-7A09222E7A9C}.Debug|Any CPU.ActiveCfg = Debug|Any CPU
		{ADA5A2BF-FE96-456B-BB1B-7A09222E7A9C}.Debug|Any CPU.Build.0 = Debug|Any CPU
		{ADA5A2BF-FE96-456B-BB1B-7A09222E7A9C}.Release|Any CPU.ActiveCfg = Release|Any CPU
		{ADA5A2BF-FE96-456B-BB1B-7A09222E7A9C}.Release|Any CPU.Build.0 = Release|Any CPU
		{5A14C7BA-9E0B-471D-B9D4-FE08073A9F00}.Debug|Any CPU.ActiveCfg = Debug|Any CPU
		{5A14C7BA-9E0B-471D-B9D4-FE08073A9F00}.Debug|Any CPU.Build.0 = Debug|Any CPU
		{5A14C7BA-9E0B-471D-B9D4-FE08073A9F00}.Release|Any CPU.ActiveCfg = Release|Any CPU
		{5A14C7BA-9E0B-471D-B9D4-FE08073A9F00}.Release|Any CPU.Build.0 = Release|Any CPU
		{DF3B867B-A862-4D03-AF7E-418E459DA110}.Debug|Any CPU.ActiveCfg = Debug|Any CPU
		{DF3B867B-A862-4D03-AF7E-418E459DA110}.Debug|Any CPU.Build.0 = Debug|Any CPU
		{DF3B867B-A862-4D03-AF7E-418E459DA110}.Release|Any CPU.ActiveCfg = Release|Any CPU
		{DF3B867B-A862-4D03-AF7E-418E459DA110}.Release|Any CPU.Build.0 = Release|Any CPU
	EndGlobalSection
	GlobalSection(SolutionProperties) = preSolution
		HideSolutionNode = FALSE
	EndGlobalSection
EndGlobal
