
Microsoft Visual Studio Solution File, Format Version 12.00
# Visual Studio 14
VisualStudioVersion = 14.0.23107.0
MinimumVisualStudioVersion = 10.0.40219.1
Project("{FAE04EC0-301F-11D3-BF4B-00C04F79EFBC}") = "Runtime", "..\Excess.Concurrent\Runtime\Runtime.csproj", "{4BE92F98-4415-4118-9A57-E1E2B3CBB1A5}"
EndProject
Project("{FAE04EC0-301F-11D3-BF4B-00C04F79EFBC}") = "Middleware", "Middleware\Middleware.csproj", "{ED3D63D8-7C35-4F77-8430-7BC6BBFE56B9}"
EndProject
Project("{FAE04EC0-301F-11D3-BF4B-00C04F79EFBC}") = "Startup", "Startup\Startup.csproj", "{F30D6658-EA1A-4117-88CA-5B96AF6303AA}"
EndProject
Project("{FAE04EC0-301F-11D3-BF4B-00C04F79EFBC}") = "xss", "xss\xss.csproj", "{8F97EF8D-0F91-445A-B3FC-F4C438FFBC17}"
EndProject
Project("{FAE04EC0-301F-11D3-BF4B-00C04F79EFBC}") = "NetMQ", "Node.NetMQ\NetMQ.csproj", "{1258FDEA-C6EA-4932-871A-4259AA115464}"
EndProject
Project("{FAE04EC0-301F-11D3-BF4B-00C04F79EFBC}") = "LanguageExtension", "LanguageExtension\LanguageExtension.csproj", "{0B09CEFB-454E-42D0-8F2B-E7353BF52D98}"
EndProject
Project("{FAE04EC0-301F-11D3-BF4B-00C04F79EFBC}") = "Tests", "Tests\Tests.csproj", "{BD9BEFD3-4AE6-4E30-981A-818A700B3843}"
EndProject
Global
	GlobalSection(SolutionConfigurationPlatforms) = preSolution
		Debug|Any CPU = Debug|Any CPU
		Release|Any CPU = Release|Any CPU
	EndGlobalSection
	GlobalSection(ProjectConfigurationPlatforms) = postSolution
		{4BE92F98-4415-4118-9A57-E1E2B3CBB1A5}.Debug|Any CPU.ActiveCfg = Debug|Any CPU
		{4BE92F98-4415-4118-9A57-E1E2B3CBB1A5}.Debug|Any CPU.Build.0 = Debug|Any CPU
		{4BE92F98-4415-4118-9A57-E1E2B3CBB1A5}.Release|Any CPU.ActiveCfg = Release|Any CPU
		{4BE92F98-4415-4118-9A57-E1E2B3CBB1A5}.Release|Any CPU.Build.0 = Release|Any CPU
		{ED3D63D8-7C35-4F77-8430-7BC6BBFE56B9}.Debug|Any CPU.ActiveCfg = Debug|Any CPU
		{ED3D63D8-7C35-4F77-8430-7BC6BBFE56B9}.Debug|Any CPU.Build.0 = Debug|Any CPU
		{ED3D63D8-7C35-4F77-8430-7BC6BBFE56B9}.Release|Any CPU.ActiveCfg = Release|Any CPU
		{ED3D63D8-7C35-4F77-8430-7BC6BBFE56B9}.Release|Any CPU.Build.0 = Release|Any CPU
		{F30D6658-EA1A-4117-88CA-5B96AF6303AA}.Debug|Any CPU.ActiveCfg = Debug|Any CPU
		{F30D6658-EA1A-4117-88CA-5B96AF6303AA}.Debug|Any CPU.Build.0 = Debug|Any CPU
		{F30D6658-EA1A-4117-88CA-5B96AF6303AA}.Release|Any CPU.ActiveCfg = Release|Any CPU
		{F30D6658-EA1A-4117-88CA-5B96AF6303AA}.Release|Any CPU.Build.0 = Release|Any CPU
		{8F97EF8D-0F91-445A-B3FC-F4C438FFBC17}.Debug|Any CPU.ActiveCfg = Debug|Any CPU
		{8F97EF8D-0F91-445A-B3FC-F4C438FFBC17}.Debug|Any CPU.Build.0 = Debug|Any CPU
		{8F97EF8D-0F91-445A-B3FC-F4C438FFBC17}.Release|Any CPU.ActiveCfg = Release|Any CPU
		{8F97EF8D-0F91-445A-B3FC-F4C438FFBC17}.Release|Any CPU.Build.0 = Release|Any CPU
		{1258FDEA-C6EA-4932-871A-4259AA115464}.Debug|Any CPU.ActiveCfg = Debug|Any CPU
		{1258FDEA-C6EA-4932-871A-4259AA115464}.Debug|Any CPU.Build.0 = Debug|Any CPU
		{1258FDEA-C6EA-4932-871A-4259AA115464}.Release|Any CPU.ActiveCfg = Release|Any CPU
		{1258FDEA-C6EA-4932-871A-4259AA115464}.Release|Any CPU.Build.0 = Release|Any CPU
		{0B09CEFB-454E-42D0-8F2B-E7353BF52D98}.Debug|Any CPU.ActiveCfg = Debug|Any CPU
		{0B09CEFB-454E-42D0-8F2B-E7353BF52D98}.Debug|Any CPU.Build.0 = Debug|Any CPU
		{0B09CEFB-454E-42D0-8F2B-E7353BF52D98}.Release|Any CPU.ActiveCfg = Release|Any CPU
		{0B09CEFB-454E-42D0-8F2B-E7353BF52D98}.Release|Any CPU.Build.0 = Release|Any CPU
		{BD9BEFD3-4AE6-4E30-981A-818A700B3843}.Debug|Any CPU.ActiveCfg = Debug|Any CPU
		{BD9BEFD3-4AE6-4E30-981A-818A700B3843}.Debug|Any CPU.Build.0 = Debug|Any CPU
		{BD9BEFD3-4AE6-4E30-981A-818A700B3843}.Release|Any CPU.ActiveCfg = Release|Any CPU
		{BD9BEFD3-4AE6-4E30-981A-818A700B3843}.Release|Any CPU.Build.0 = Release|Any CPU
	EndGlobalSection
	GlobalSection(SolutionProperties) = preSolution
		HideSolutionNode = FALSE
	EndGlobalSection
EndGlobal
