
Microsoft Visual Studio Solution File, Format Version 12.00
# Visual Studio 14
VisualStudioVersion = 14.0.23107.0
MinimumVisualStudioVersion = 10.0.40219.1
Project("{FAE04EC0-301F-11D3-BF4B-00C04F79EFBC}") = "Runtime", "..\Excess.Concurrent\Runtime\Runtime.csproj", "{4BE92F98-4415-4118-9A57-E1E2B3CBB1A5}"
EndProject
Project("{FAE04EC0-301F-11D3-BF4B-00C04F79EFBC}") = "Middleware", "Middleware\Middleware.csproj", "{ED3D63D8-7C35-4F77-8430-7BC6BBFE56B9}"
EndProject
Global
	GlobalSection(SolutionConfigurationPlatforms) = preSolution
		Debug|Any CPU = Debug|Any CPU
		Release|Any CPU = Release|Any CPU
	EndGlobalSection
	GlobalSection(ProjectConfigurationPlatforms) = postSolution
		{4BE92F98-4415-4118-9A57-E1E2B3CBB1A5}.Debug|Any CPU.ActiveCfg = Debug|Any CPU
		{4BE92F98-4415-4118-9A57-E1E2B3CBB1A5}.Debug|Any CPU.Build.0 = Debug|Any CPU
		{4BE92F98-4415-4118-9A57-E1E2B3CBB1A5}.Release|Any CPU.ActiveCfg = Release|Any CPU
		{4BE92F98-4415-4118-9A57-E1E2B3CBB1A5}.Release|Any CPU.Build.0 = Release|Any CPU
		{ED3D63D8-7C35-4F77-8430-7BC6BBFE56B9}.Debug|Any CPU.ActiveCfg = Debug|Any CPU
		{ED3D63D8-7C35-4F77-8430-7BC6BBFE56B9}.Debug|Any CPU.Build.0 = Debug|Any CPU
		{ED3D63D8-7C35-4F77-8430-7BC6BBFE56B9}.Release|Any CPU.ActiveCfg = Release|Any CPU
		{ED3D63D8-7C35-4F77-8430-7BC6BBFE56B9}.Release|Any CPU.Build.0 = Release|Any CPU
	EndGlobalSection
	GlobalSection(SolutionProperties) = preSolution
		HideSolutionNode = FALSE
	EndGlobalSection
EndGlobal
